// !$*UTF8*$!
{
	archiveVersion = 1;
	classes = {
	};
	objectVersion = 56;
	objects = {

/* Begin PBXBuildFile section */
		7215BB592AB0FEC6005C364D /* shared_lib in Resources */ = {isa = PBXBuildFile; fileRef = 7215BB582AB0FEC6005C364D /* shared_lib */; };
		7270E43D2AAFCC08005003B7 /* DemoRustSwiftAppApp.swift in Sources */ = {isa = PBXBuildFile; fileRef = 7270E43C2AAFCC08005003B7 /* DemoRustSwiftAppApp.swift */; };
		7270E43F2AAFCC08005003B7 /* ContentView.swift in Sources */ = {isa = PBXBuildFile; fileRef = 7270E43E2AAFCC08005003B7 /* ContentView.swift */; };
		7270E4412AAFCC0C005003B7 /* Assets.xcassets in Resources */ = {isa = PBXBuildFile; fileRef = 7270E4402AAFCC0C005003B7 /* Assets.xcassets */; };
		7270E4442AAFCC0C005003B7 /* Preview Assets.xcassets in Resources */ = {isa = PBXBuildFile; fileRef = 7270E4432AAFCC0C005003B7 /* Preview Assets.xcassets */; };
		72A8A3342AAFD24E003F0E75 /* SharedLib.swift in Sources */ = {isa = PBXBuildFile; fileRef = 72A8A3312AAFD24E003F0E75 /* SharedLib.swift */; };
		72A8A3382AAFD2CD003F0E75 /* SharedLibFFI.h in Headers */ = {isa = PBXBuildFile; fileRef = 72A8A3332AAFD24E003F0E75 /* SharedLibFFI.h */; settings = {ATTRIBUTES = (Public, ); }; };
		72A8A33F2AAFD5FD003F0E75 /* ContentViewSimple.swift in Sources */ = {isa = PBXBuildFile; fileRef = 72A8A33E2AAFD5FD003F0E75 /* ContentViewSimple.swift */; };
		72BCEB112AAFCEF700B73DC0 /* libsharedlib.a in Frameworks */ = {isa = PBXBuildFile; fileRef = 72BCEB102AAFCEF700B73DC0 /* libsharedlib.a */; settings = {ATTRIBUTES = (Required, ); }; };
/* End PBXBuildFile section */

/* Begin PBXFileReference section */
		7215BB582AB0FEC6005C364D /* shared_lib */ = {isa = PBXFileReference; lastKnownFileType = folder; name = shared_lib; path = ../../../shared_lib; sourceTree = "<group>"; };
		7270E4392AAFCC08005003B7 /* DemoRustSwiftApp.app */ = {isa = PBXFileReference; explicitFileType = wrapper.application; includeInIndex = 0; path = DemoRustSwiftApp.app; sourceTree = BUILT_PRODUCTS_DIR; };
		7270E43C2AAFCC08005003B7 /* DemoRustSwiftAppApp.swift */ = {isa = PBXFileReference; lastKnownFileType = sourcecode.swift; path = DemoRustSwiftAppApp.swift; sourceTree = "<group>"; };
		7270E43E2AAFCC08005003B7 /* ContentView.swift */ = {isa = PBXFileReference; lastKnownFileType = sourcecode.swift; path = ContentView.swift; sourceTree = "<group>"; };
		7270E4402AAFCC0C005003B7 /* Assets.xcassets */ = {isa = PBXFileReference; lastKnownFileType = folder.assetcatalog; path = Assets.xcassets; sourceTree = "<group>"; };
		7270E4432AAFCC0C005003B7 /* Preview Assets.xcassets */ = {isa = PBXFileReference; lastKnownFileType = folder.assetcatalog; path = "Preview Assets.xcassets"; sourceTree = "<group>"; };
		72A8A3312AAFD24E003F0E75 /* SharedLib.swift */ = {isa = PBXFileReference; fileEncoding = 4; lastKnownFileType = sourcecode.swift; name = SharedLib.swift; path = ../../../shared_lib/tmp/SharedLib.swift; sourceTree = "<group>"; };
		72A8A3322AAFD24E003F0E75 /* SharedLibFFI.modulemap */ = {isa = PBXFileReference; fileEncoding = 4; lastKnownFileType = "sourcecode.module-map"; name = SharedLibFFI.modulemap; path = ../../../shared_lib/tmp/SharedLibFFI.modulemap; sourceTree = "<group>"; };
		72A8A3332AAFD24E003F0E75 /* SharedLibFFI.h */ = {isa = PBXFileReference; fileEncoding = 4; lastKnownFileType = sourcecode.c.h; name = SharedLibFFI.h; path = ../../../shared_lib/tmp/SharedLibFFI.h; sourceTree = "<group>"; };
		72A8A3392AAFD36D003F0E75 /* DemoRustSwiftApp-Bridging-Header.h */ = {isa = PBXFileReference; lastKnownFileType = sourcecode.c.h; path = "DemoRustSwiftApp-Bridging-Header.h"; sourceTree = "<group>"; };
		72A8A33E2AAFD5FD003F0E75 /* ContentViewSimple.swift */ = {isa = PBXFileReference; lastKnownFileType = sourcecode.swift; path = ContentViewSimple.swift; sourceTree = "<group>"; };
		72BCEB102AAFCEF700B73DC0 /* libsharedlib.a */ = {isa = PBXFileReference; lastKnownFileType = archive.ar; name = libsharedlib.a; path = "../../target/aarch64-apple-ios-sim/debug/libsharedlib.a"; sourceTree = "<group>"; };
/* End PBXFileReference section */

/* Begin PBXFrameworksBuildPhase section */
		7270E4362AAFCC08005003B7 /* Frameworks */ = {
			isa = PBXFrameworksBuildPhase;
			buildActionMask = 2147483647;
			files = (
				72BCEB112AAFCEF700B73DC0 /* libsharedlib.a in Frameworks */,
			);
			runOnlyForDeploymentPostprocessing = 0;
		};
/* End PBXFrameworksBuildPhase section */

/* Begin PBXGroup section */
		7215BB572AB0FEB2005C364D /* RustCodeReference */ = {
			isa = PBXGroup;
			children = (
				7215BB582AB0FEC6005C364D /* shared_lib */,
			);
			name = RustCodeReference;
			sourceTree = "<group>";
		};
		7270E4302AAFCC08005003B7 = {
			isa = PBXGroup;
			children = (
				7270E43B2AAFCC08005003B7 /* DemoRustSwiftApp */,
				7270E43A2AAFCC08005003B7 /* Products */,
				7270E44A2AAFCCAC005003B7 /* Frameworks */,
			);
			sourceTree = "<group>";
		};
		7270E43A2AAFCC08005003B7 /* Products */ = {
			isa = PBXGroup;
			children = (
				7270E4392AAFCC08005003B7 /* DemoRustSwiftApp.app */,
			);
			name = Products;
			sourceTree = "<group>";
		};
		7270E43B2AAFCC08005003B7 /* DemoRustSwiftApp */ = {
			isa = PBXGroup;
			children = (
				7215BB572AB0FEB2005C364D /* RustCodeReference */,
				7270E44D2AAFCCC0005003B7 /* GeneratedViaUniffi */,
				7270E43C2AAFCC08005003B7 /* DemoRustSwiftAppApp.swift */,
				7270E43E2AAFCC08005003B7 /* ContentView.swift */,
				7270E4402AAFCC0C005003B7 /* Assets.xcassets */,
				7270E4422AAFCC0C005003B7 /* Preview Content */,
				72A8A3392AAFD36D003F0E75 /* DemoRustSwiftApp-Bridging-Header.h */,
				72A8A33E2AAFD5FD003F0E75 /* ContentViewSimple.swift */,
			);
			path = DemoRustSwiftApp;
			sourceTree = "<group>";
		};
		7270E4422AAFCC0C005003B7 /* Preview Content */ = {
			isa = PBXGroup;
			children = (
				7270E4432AAFCC0C005003B7 /* Preview Assets.xcassets */,
			);
			path = "Preview Content";
			sourceTree = "<group>";
		};
		7270E44A2AAFCCAC005003B7 /* Frameworks */ = {
			isa = PBXGroup;
			children = (
				72BCEB102AAFCEF700B73DC0 /* libsharedlib.a */,
			);
			name = Frameworks;
			sourceTree = "<group>";
		};
		7270E44D2AAFCCC0005003B7 /* GeneratedViaUniffi */ = {
			isa = PBXGroup;
			children = (
				72A8A3312AAFD24E003F0E75 /* SharedLib.swift */,
				72A8A3332AAFD24E003F0E75 /* SharedLibFFI.h */,
				72A8A3322AAFD24E003F0E75 /* SharedLibFFI.modulemap */,
			);
			name = GeneratedViaUniffi;
			sourceTree = "<group>";
		};
/* End PBXGroup section */

/* Begin PBXHeadersBuildPhase section */
		72A8A3372AAFD2C4003F0E75 /* Headers */ = {
			isa = PBXHeadersBuildPhase;
			buildActionMask = 2147483647;
			files = (
				72A8A3382AAFD2CD003F0E75 /* SharedLibFFI.h in Headers */,
			);
			runOnlyForDeploymentPostprocessing = 0;
		};
/* End PBXHeadersBuildPhase section */

/* Begin PBXNativeTarget section */
		7270E4382AAFCC08005003B7 /* DemoRustSwiftApp */ = {
			isa = PBXNativeTarget;
			buildConfigurationList = 7270E4472AAFCC0C005003B7 /* Build configuration list for PBXNativeTarget "DemoRustSwiftApp" */;
			buildPhases = (
				72A8A3372AAFD2C4003F0E75 /* Headers */,
				7270E4352AAFCC08005003B7 /* Sources */,
				7270E4362AAFCC08005003B7 /* Frameworks */,
				7270E4372AAFCC08005003B7 /* Resources */,
			);
			buildRules = (
			);
			dependencies = (
			);
			name = DemoRustSwiftApp;
			productName = DemoRustSwiftApp;
			productReference = 7270E4392AAFCC08005003B7 /* DemoRustSwiftApp.app */;
			productType = "com.apple.product-type.application";
		};
/* End PBXNativeTarget section */

/* Begin PBXProject section */
		7270E4312AAFCC08005003B7 /* Project object */ = {
			isa = PBXProject;
			attributes = {
				BuildIndependentTargetsInParallel = 1;
				LastSwiftUpdateCheck = 1430;
				LastUpgradeCheck = 1430;
				TargetAttributes = {
					7270E4382AAFCC08005003B7 = {
						CreatedOnToolsVersion = 14.3.1;
						LastSwiftMigration = 1500;
					};
				};
			};
			buildConfigurationList = 7270E4342AAFCC08005003B7 /* Build configuration list for PBXProject "DemoRustSwiftApp" */;
			compatibilityVersion = "Xcode 14.0";
			developmentRegion = en;
			hasScannedForEncodings = 0;
			knownRegions = (
				en,
				Base,
			);
			mainGroup = 7270E4302AAFCC08005003B7;
			productRefGroup = 7270E43A2AAFCC08005003B7 /* Products */;
			projectDirPath = "";
			projectRoot = "";
			targets = (
				7270E4382AAFCC08005003B7 /* DemoRustSwiftApp */,
			);
		};
/* End PBXProject section */

/* Begin PBXResourcesBuildPhase section */
		7270E4372AAFCC08005003B7 /* Resources */ = {
			isa = PBXResourcesBuildPhase;
			buildActionMask = 2147483647;
			files = (
				7270E4442AAFCC0C005003B7 /* Preview Assets.xcassets in Resources */,
				7215BB592AB0FEC6005C364D /* shared_lib in Resources */,
				7270E4412AAFCC0C005003B7 /* Assets.xcassets in Resources */,
			);
			runOnlyForDeploymentPostprocessing = 0;
		};
/* End PBXResourcesBuildPhase section */

/* Begin PBXSourcesBuildPhase section */
		7270E4352AAFCC08005003B7 /* Sources */ = {
			isa = PBXSourcesBuildPhase;
			buildActionMask = 2147483647;
			files = (
				72A8A3342AAFD24E003F0E75 /* SharedLib.swift in Sources */,
				7270E43F2AAFCC08005003B7 /* ContentView.swift in Sources */,
				72A8A33F2AAFD5FD003F0E75 /* ContentViewSimple.swift in Sources */,
				7270E43D2AAFCC08005003B7 /* DemoRustSwiftAppApp.swift in Sources */,
			);
			runOnlyForDeploymentPostprocessing = 0;
		};
/* End PBXSourcesBuildPhase section */

/* Begin XCBuildConfiguration section */
		7270E4452AAFCC0C005003B7 /* Debug */ = {
			isa = XCBuildConfiguration;
			buildSettings = {
				ALWAYS_SEARCH_USER_PATHS = NO;
				CLANG_ANALYZER_NONNULL = YES;
				CLANG_ANALYZER_NUMBER_OBJECT_CONVERSION = YES_AGGRESSIVE;
				CLANG_CXX_LANGUAGE_STANDARD = "gnu++20";
				CLANG_ENABLE_MODULES = YES;
				CLANG_ENABLE_OBJC_ARC = YES;
				CLANG_ENABLE_OBJC_WEAK = YES;
				CLANG_WARN_BLOCK_CAPTURE_AUTORELEASING = YES;
				CLANG_WARN_BOOL_CONVERSION = YES;
				CLANG_WARN_COMMA = YES;
				CLANG_WARN_CONSTANT_CONVERSION = YES;
				CLANG_WARN_DEPRECATED_OBJC_IMPLEMENTATIONS = YES;
				CLANG_WARN_DIRECT_OBJC_ISA_USAGE = YES_ERROR;
				CLANG_WARN_DOCUMENTATION_COMMENTS = YES;
				CLANG_WARN_EMPTY_BODY = YES;
				CLANG_WARN_ENUM_CONVERSION = YES;
				CLANG_WARN_INFINITE_RECURSION = YES;
				CLANG_WARN_INT_CONVERSION = YES;
				CLANG_WARN_NON_LITERAL_NULL_CONVERSION = YES;
				CLANG_WARN_OBJC_IMPLICIT_RETAIN_SELF = YES;
				CLANG_WARN_OBJC_LITERAL_CONVERSION = YES;
				CLANG_WARN_OBJC_ROOT_CLASS = YES_ERROR;
				CLANG_WARN_QUOTED_INCLUDE_IN_FRAMEWORK_HEADER = YES;
				CLANG_WARN_RANGE_LOOP_ANALYSIS = YES;
				CLANG_WARN_STRICT_PROTOTYPES = YES;
				CLANG_WARN_SUSPICIOUS_MOVE = YES;
				CLANG_WARN_UNGUARDED_AVAILABILITY = YES_AGGRESSIVE;
				CLANG_WARN_UNREACHABLE_CODE = YES;
				CLANG_WARN__DUPLICATE_METHOD_MATCH = YES;
				COPY_PHASE_STRIP = NO;
				DEBUG_INFORMATION_FORMAT = dwarf;
				ENABLE_STRICT_OBJC_MSGSEND = YES;
				ENABLE_TESTABILITY = YES;
				GCC_C_LANGUAGE_STANDARD = gnu11;
				GCC_DYNAMIC_NO_PIC = NO;
				GCC_NO_COMMON_BLOCKS = YES;
				GCC_OPTIMIZATION_LEVEL = 0;
				GCC_PREPROCESSOR_DEFINITIONS = (
					"DEBUG=1",
					"$(inherited)",
				);
				GCC_WARN_64_TO_32_BIT_CONVERSION = YES;
				GCC_WARN_ABOUT_RETURN_TYPE = YES_ERROR;
				GCC_WARN_UNDECLARED_SELECTOR = YES;
				GCC_WARN_UNINITIALIZED_AUTOS = YES_AGGRESSIVE;
				GCC_WARN_UNUSED_FUNCTION = YES;
				GCC_WARN_UNUSED_VARIABLE = YES;
				IPHONEOS_DEPLOYMENT_TARGET = 16.4;
				MTL_ENABLE_DEBUG_INFO = INCLUDE_SOURCE;
				MTL_FAST_MATH = YES;
				ONLY_ACTIVE_ARCH = YES;
				SDKROOT = iphoneos;
				SWIFT_ACTIVE_COMPILATION_CONDITIONS = DEBUG;
				SWIFT_OPTIMIZATION_LEVEL = "-Onone";
			};
			name = Debug;
		};
		7270E4462AAFCC0C005003B7 /* Release */ = {
			isa = XCBuildConfiguration;
			buildSettings = {
				ALWAYS_SEARCH_USER_PATHS = NO;
				CLANG_ANALYZER_NONNULL = YES;
				CLANG_ANALYZER_NUMBER_OBJECT_CONVERSION = YES_AGGRESSIVE;
				CLANG_CXX_LANGUAGE_STANDARD = "gnu++20";
				CLANG_ENABLE_MODULES = YES;
				CLANG_ENABLE_OBJC_ARC = YES;
				CLANG_ENABLE_OBJC_WEAK = YES;
				CLANG_WARN_BLOCK_CAPTURE_AUTORELEASING = YES;
				CLANG_WARN_BOOL_CONVERSION = YES;
				CLANG_WARN_COMMA = YES;
				CLANG_WARN_CONSTANT_CONVERSION = YES;
				CLANG_WARN_DEPRECATED_OBJC_IMPLEMENTATIONS = YES;
				CLANG_WARN_DIRECT_OBJC_ISA_USAGE = YES_ERROR;
				CLANG_WARN_DOCUMENTATION_COMMENTS = YES;
				CLANG_WARN_EMPTY_BODY = YES;
				CLANG_WARN_ENUM_CONVERSION = YES;
				CLANG_WARN_INFINITE_RECURSION = YES;
				CLANG_WARN_INT_CONVERSION = YES;
				CLANG_WARN_NON_LITERAL_NULL_CONVERSION = YES;
				CLANG_WARN_OBJC_IMPLICIT_RETAIN_SELF = YES;
				CLANG_WARN_OBJC_LITERAL_CONVERSION = YES;
				CLANG_WARN_OBJC_ROOT_CLASS = YES_ERROR;
				CLANG_WARN_QUOTED_INCLUDE_IN_FRAMEWORK_HEADER = YES;
				CLANG_WARN_RANGE_LOOP_ANALYSIS = YES;
				CLANG_WARN_STRICT_PROTOTYPES = YES;
				CLANG_WARN_SUSPICIOUS_MOVE = YES;
				CLANG_WARN_UNGUARDED_AVAILABILITY = YES_AGGRESSIVE;
				CLANG_WARN_UNREACHABLE_CODE = YES;
				CLANG_WARN__DUPLICATE_METHOD_MATCH = YES;
				COPY_PHASE_STRIP = NO;
				DEBUG_INFORMATION_FORMAT = "dwarf-with-dsym";
				ENABLE_NS_ASSERTIONS = NO;
				ENABLE_STRICT_OBJC_MSGSEND = YES;
				GCC_C_LANGUAGE_STANDARD = gnu11;
				GCC_NO_COMMON_BLOCKS = YES;
				GCC_WARN_64_TO_32_BIT_CONVERSION = YES;
				GCC_WARN_ABOUT_RETURN_TYPE = YES_ERROR;
				GCC_WARN_UNDECLARED_SELECTOR = YES;
				GCC_WARN_UNINITIALIZED_AUTOS = YES_AGGRESSIVE;
				GCC_WARN_UNUSED_FUNCTION = YES;
				GCC_WARN_UNUSED_VARIABLE = YES;
				IPHONEOS_DEPLOYMENT_TARGET = 16.4;
				MTL_ENABLE_DEBUG_INFO = NO;
				MTL_FAST_MATH = YES;
				SDKROOT = iphoneos;
				SWIFT_COMPILATION_MODE = wholemodule;
				SWIFT_OPTIMIZATION_LEVEL = "-O";
				VALIDATE_PRODUCT = YES;
			};
			name = Release;
		};
		7270E4482AAFCC0C005003B7 /* Debug */ = {
			isa = XCBuildConfiguration;
			buildSettings = {
				ASSETCATALOG_COMPILER_APPICON_NAME = AppIcon;
				ASSETCATALOG_COMPILER_GLOBAL_ACCENT_COLOR_NAME = AccentColor;
				CLANG_ENABLE_MODULES = YES;
				CODE_SIGN_STYLE = Automatic;
				CURRENT_PROJECT_VERSION = 1;
				DEVELOPMENT_ASSET_PATHS = "\"DemoRustSwiftApp/Preview Content\"";
				ENABLE_PREVIEWS = YES;
				GENERATE_INFOPLIST_FILE = YES;
				INFOPLIST_KEY_UIApplicationSceneManifest_Generation = YES;
				INFOPLIST_KEY_UIApplicationSupportsIndirectInputEvents = YES;
				INFOPLIST_KEY_UILaunchScreen_Generation = YES;
				INFOPLIST_KEY_UISupportedInterfaceOrientations_iPad = "UIInterfaceOrientationPortrait UIInterfaceOrientationPortraitUpsideDown UIInterfaceOrientationLandscapeLeft UIInterfaceOrientationLandscapeRight";
				INFOPLIST_KEY_UISupportedInterfaceOrientations_iPhone = "UIInterfaceOrientationPortrait UIInterfaceOrientationLandscapeLeft UIInterfaceOrientationLandscapeRight";
				IPHONEOS_DEPLOYMENT_TARGET = 15.0;
				LD_RUNPATH_SEARCH_PATHS = (
					"$(inherited)",
					"@executable_path/Frameworks",
				);
				LIBRARY_SEARCH_PATHS = "$(SRCROOT)/../../target/aarch64-apple-ios-sim/debug";
				MARKETING_VERSION = 1.0;
				PRODUCT_BUNDLE_IDENTIFIER = com.example.DemoRustSwiftApp;
				PRODUCT_NAME = "$(TARGET_NAME)";
				SWIFT_EMIT_LOC_STRINGS = YES;
				SWIFT_OBJC_BRIDGING_HEADER = "DemoRustSwiftApp/DemoRustSwiftApp-Bridging-Header.h";
				SWIFT_OPTIMIZATION_LEVEL = "-Onone";
				SWIFT_VERSION = 5.0;
				TARGETED_DEVICE_FAMILY = "1,2";
			};
			name = Debug;
		};
		7270E4492AAFCC0C005003B7 /* Release */ = {
			isa = XCBuildConfiguration;
			buildSettings = {
				ASSETCATALOG_COMPILER_APPICON_NAME = AppIcon;
				ASSETCATALOG_COMPILER_GLOBAL_ACCENT_COLOR_NAME = AccentColor;
				CLANG_ENABLE_MODULES = YES;
				CODE_SIGN_STYLE = Automatic;
				CURRENT_PROJECT_VERSION = 1;
				DEVELOPMENT_ASSET_PATHS = "\"DemoRustSwiftApp/Preview Content\"";
				ENABLE_PREVIEWS = YES;
				GENERATE_INFOPLIST_FILE = YES;
				INFOPLIST_KEY_UIApplicationSceneManifest_Generation = YES;
				INFOPLIST_KEY_UIApplicationSupportsIndirectInputEvents = YES;
				INFOPLIST_KEY_UILaunchScreen_Generation = YES;
				INFOPLIST_KEY_UISupportedInterfaceOrientations_iPad = "UIInterfaceOrientationPortrait UIInterfaceOrientationPortraitUpsideDown UIInterfaceOrientationLandscapeLeft UIInterfaceOrientationLandscapeRight";
				INFOPLIST_KEY_UISupportedInterfaceOrientations_iPhone = "UIInterfaceOrientationPortrait UIInterfaceOrientationLandscapeLeft UIInterfaceOrientationLandscapeRight";
				IPHONEOS_DEPLOYMENT_TARGET = 15.0;
				LD_RUNPATH_SEARCH_PATHS = (
					"$(inherited)",
					"@executable_path/Frameworks",
				);
				LIBRARY_SEARCH_PATHS = "$(SRCROOT)/../../target/aarch64-apple-ios-sim/debug";
				MARKETING_VERSION = 1.0;
				PRODUCT_BUNDLE_IDENTIFIER = com.example.DemoRustSwiftApp;
				PRODUCT_NAME = "$(TARGET_NAME)";
				SWIFT_EMIT_LOC_STRINGS = YES;
				SWIFT_OBJC_BRIDGING_HEADER = "DemoRustSwiftApp/DemoRustSwiftApp-Bridging-Header.h";
				SWIFT_VERSION = 5.0;
				TARGETED_DEVICE_FAMILY = "1,2";
			};
			name = Release;
		};
/* End XCBuildConfiguration section */

/* Begin XCConfigurationList section */
		7270E4342AAFCC08005003B7 /* Build configuration list for PBXProject "DemoRustSwiftApp" */ = {
			isa = XCConfigurationList;
			buildConfigurations = (
				7270E4452AAFCC0C005003B7 /* Debug */,
				7270E4462AAFCC0C005003B7 /* Release */,
			);
			defaultConfigurationIsVisible = 0;
			defaultConfigurationName = Release;
		};
		7270E4472AAFCC0C005003B7 /* Build configuration list for PBXNativeTarget "DemoRustSwiftApp" */ = {
			isa = XCConfigurationList;
			buildConfigurations = (
				7270E4482AAFCC0C005003B7 /* Debug */,
				7270E4492AAFCC0C005003B7 /* Release */,
			);
			defaultConfigurationIsVisible = 0;
			defaultConfigurationName = Release;
		};
/* End XCConfigurationList section */
	};
	rootObject = 7270E4312AAFCC08005003B7 /* Project object */;
}
